// !$*UTF8*$!
{
	archiveVersion = 1;
	classes = {
	};
	objectVersion = 50;
	objects = {

/* Begin PBXBuildFile section */
		0992BC8C25E9931400D1B7B0 /* AppDelegate.m in Sources */ = {isa = PBXBuildFile; fileRef = 0992BC8B25E9931400D1B7B0 /* AppDelegate.m */; };
		0992BC8F25E9931400D1B7B0 /* ViewController.m in Sources */ = {isa = PBXBuildFile; fileRef = 0992BC8E25E9931400D1B7B0 /* ViewController.m */; };
		0992BC9125E9931400D1B7B0 /* Assets.xcassets in Resources */ = {isa = PBXBuildFile; fileRef = 0992BC9025E9931400D1B7B0 /* Assets.xcassets */; };
		0992BC9425E9931400D1B7B0 /* Main.storyboard in Resources */ = {isa = PBXBuildFile; fileRef = 0992BC9225E9931400D1B7B0 /* Main.storyboard */; };
		0992BC9725E9931400D1B7B0 /* main.m in Sources */ = {isa = PBXBuildFile; fileRef = 0992BC9625E9931400D1B7B0 /* main.m */; };
		0992BCA025E9D5AD00D1B7B0 /* NSView+ImageRepresentation.m in Sources */ = {isa = PBXBuildFile; fileRef = 0992BC9F25E9D5AD00D1B7B0 /* NSView+ImageRepresentation.m */; };
		0992BCA425EA06BC00D1B7B0 /* SkyLight.framework in Frameworks */ = {isa = PBXBuildFile; fileRef = 0992BCA225EA06A100D1B7B0 /* SkyLight.framework */; };
		0992BCAC25EA3A5800D1B7B0 /* main.m in Sources */ = {isa = PBXBuildFile; fileRef = 0992BCAB25EA3A5800D1B7B0 /* main.m */; };
/* End PBXBuildFile section */

/* Begin PBXCopyFilesBuildPhase section */
		0992BCA725EA3A5800D1B7B0 /* CopyFiles */ = {
			isa = PBXCopyFilesBuildPhase;
			buildActionMask = 2147483647;
			dstPath = /usr/share/man/man1/;
			dstSubfolderSpec = 0;
			files = (
			);
			runOnlyForDeploymentPostprocessing = 1;
		};
/* End PBXCopyFilesBuildPhase section */

/* Begin PBXFileReference section */
		0992BC8725E9931400D1B7B0 /* iosurface-theft.app */ = {isa = PBXFileReference; explicitFileType = wrapper.application; includeInIndex = 0; path = "iosurface-theft.app"; sourceTree = BUILT_PRODUCTS_DIR; };
		0992BC8A25E9931400D1B7B0 /* AppDelegate.h */ = {isa = PBXFileReference; lastKnownFileType = sourcecode.c.h; path = AppDelegate.h; sourceTree = "<group>"; };
		0992BC8B25E9931400D1B7B0 /* AppDelegate.m */ = {isa = PBXFileReference; lastKnownFileType = sourcecode.c.objc; path = AppDelegate.m; sourceTree = "<group>"; };
		0992BC8D25E9931400D1B7B0 /* ViewController.h */ = {isa = PBXFileReference; lastKnownFileType = sourcecode.c.h; path = ViewController.h; sourceTree = "<group>"; };
		0992BC8E25E9931400D1B7B0 /* ViewController.m */ = {isa = PBXFileReference; lastKnownFileType = sourcecode.c.objc; path = ViewController.m; sourceTree = "<group>"; };
		0992BC9025E9931400D1B7B0 /* Assets.xcassets */ = {isa = PBXFileReference; lastKnownFileType = folder.assetcatalog; path = Assets.xcassets; sourceTree = "<group>"; };
		0992BC9325E9931400D1B7B0 /* Base */ = {isa = PBXFileReference; lastKnownFileType = file.storyboard; name = Base; path = Base.lproj/Main.storyboard; sourceTree = "<group>"; };
		0992BC9525E9931400D1B7B0 /* Info.plist */ = {isa = PBXFileReference; lastKnownFileType = text.plist.xml; path = Info.plist; sourceTree = "<group>"; };
		0992BC9625E9931400D1B7B0 /* main.m */ = {isa = PBXFileReference; lastKnownFileType = sourcecode.c.objc; path = main.m; sourceTree = "<group>"; };
		0992BC9825E9931400D1B7B0 /* iosurface_theft.entitlements */ = {isa = PBXFileReference; lastKnownFileType = text.plist.entitlements; path = iosurface_theft.entitlements; sourceTree = "<group>"; };
		0992BC9E25E9D5AD00D1B7B0 /* NSView+ImageRepresentation.h */ = {isa = PBXFileReference; lastKnownFileType = sourcecode.c.h; path = "NSView+ImageRepresentation.h"; sourceTree = "<group>"; };
		0992BC9F25E9D5AD00D1B7B0 /* NSView+ImageRepresentation.m */ = {isa = PBXFileReference; lastKnownFileType = sourcecode.c.objc; path = "NSView+ImageRepresentation.m"; sourceTree = "<group>"; };
		0992BCA225EA06A100D1B7B0 /* SkyLight.framework */ = {isa = PBXFileReference; lastKnownFileType = wrapper.framework; name = SkyLight.framework; path = ../../../../../../System/Library/PrivateFrameworks/SkyLight.framework; sourceTree = "<group>"; };
		0992BCA925EA3A5800D1B7B0 /* os_variant_has_internal_diagnostics */ = {isa = PBXFileReference; explicitFileType = "compiled.mach-o.executable"; includeInIndex = 0; path = os_variant_has_internal_diagnostics; sourceTree = BUILT_PRODUCTS_DIR; };
		0992BCAB25EA3A5800D1B7B0 /* main.m */ = {isa = PBXFileReference; lastKnownFileType = sourcecode.c.objc; path = main.m; sourceTree = "<group>"; };
		0992BCB025EA3A5B00D1B7B0 /* os_variant_has_internal_diagnostics.entitlements */ = {isa = PBXFileReference; lastKnownFileType = text.plist.entitlements; path = os_variant_has_internal_diagnostics.entitlements; sourceTree = "<group>"; };
/* End PBXFileReference section */

/* Begin PBXFrameworksBuildPhase section */
		0992BC8425E9931400D1B7B0 /* Frameworks */ = {
			isa = PBXFrameworksBuildPhase;
			buildActionMask = 2147483647;
			files = (
				0992BCA425EA06BC00D1B7B0 /* SkyLight.framework in Frameworks */,
			);
			runOnlyForDeploymentPostprocessing = 0;
		};
		0992BCA625EA3A5800D1B7B0 /* Frameworks */ = {
			isa = PBXFrameworksBuildPhase;
			buildActionMask = 2147483647;
			files = (
			);
			runOnlyForDeploymentPostprocessing = 0;
		};
/* End PBXFrameworksBuildPhase section */

/* Begin PBXGroup section */
		0992BC7E25E9931400D1B7B0 = {
			isa = PBXGroup;
			children = (
				0992BC8925E9931400D1B7B0 /* iosurface-theft */,
				0992BCAA25EA3A5800D1B7B0 /* os_variant_has_internal_diagnostics */,
				0992BC8825E9931400D1B7B0 /* Products */,
				0992BCA125EA06A100D1B7B0 /* Frameworks */,
			);
			sourceTree = "<group>";
		};
		0992BC8825E9931400D1B7B0 /* Products */ = {
			isa = PBXGroup;
			children = (
				0992BC8725E9931400D1B7B0 /* iosurface-theft.app */,
				0992BCA925EA3A5800D1B7B0 /* os_variant_has_internal_diagnostics */,
			);
			name = Products;
			sourceTree = "<group>";
		};
		0992BC8925E9931400D1B7B0 /* iosurface-theft */ = {
			isa = PBXGroup;
			children = (
				0992BC8A25E9931400D1B7B0 /* AppDelegate.h */,
				0992BC8B25E9931400D1B7B0 /* AppDelegate.m */,
				0992BC8D25E9931400D1B7B0 /* ViewController.h */,
				0992BC8E25E9931400D1B7B0 /* ViewController.m */,
				0992BC9025E9931400D1B7B0 /* Assets.xcassets */,
				0992BC9225E9931400D1B7B0 /* Main.storyboard */,
				0992BC9525E9931400D1B7B0 /* Info.plist */,
				0992BC9625E9931400D1B7B0 /* main.m */,
				0992BC9825E9931400D1B7B0 /* iosurface_theft.entitlements */,
				0992BC9E25E9D5AD00D1B7B0 /* NSView+ImageRepresentation.h */,
				0992BC9F25E9D5AD00D1B7B0 /* NSView+ImageRepresentation.m */,
			);
			path = "iosurface-theft";
			sourceTree = "<group>";
		};
		0992BCA125EA06A100D1B7B0 /* Frameworks */ = {
			isa = PBXGroup;
			children = (
				0992BCA225EA06A100D1B7B0 /* SkyLight.framework */,
			);
			name = Frameworks;
			sourceTree = "<group>";
		};
		0992BCAA25EA3A5800D1B7B0 /* os_variant_has_internal_diagnostics */ = {
			isa = PBXGroup;
			children = (
				0992BCB025EA3A5B00D1B7B0 /* os_variant_has_internal_diagnostics.entitlements */,
				0992BCAB25EA3A5800D1B7B0 /* main.m */,
			);
			path = os_variant_has_internal_diagnostics;
			sourceTree = "<group>";
		};
/* End PBXGroup section */

/* Begin PBXNativeTarget section */
		0992BC8625E9931400D1B7B0 /* iosurface-theft */ = {
			isa = PBXNativeTarget;
			buildConfigurationList = 0992BC9B25E9931400D1B7B0 /* Build configuration list for PBXNativeTarget "iosurface-theft" */;
			buildPhases = (
				0992BC8325E9931400D1B7B0 /* Sources */,
				0992BC8425E9931400D1B7B0 /* Frameworks */,
				0992BC8525E9931400D1B7B0 /* Resources */,
			);
			buildRules = (
			);
			dependencies = (
			);
			name = "iosurface-theft";
			productName = "iosurface-theft";
			productReference = 0992BC8725E9931400D1B7B0 /* iosurface-theft.app */;
			productType = "com.apple.product-type.application";
		};
		0992BCA825EA3A5800D1B7B0 /* os_variant_has_internal_diagnostics */ = {
			isa = PBXNativeTarget;
			buildConfigurationList = 0992BCAD25EA3A5800D1B7B0 /* Build configuration list for PBXNativeTarget "os_variant_has_internal_diagnostics" */;
			buildPhases = (
				0992BCA525EA3A5800D1B7B0 /* Sources */,
				0992BCA625EA3A5800D1B7B0 /* Frameworks */,
				0992BCA725EA3A5800D1B7B0 /* CopyFiles */,
			);
			buildRules = (
			);
			dependencies = (
			);
			name = os_variant_has_internal_diagnostics;
			productName = os_variant_has_internal_diagnostics;
			productReference = 0992BCA925EA3A5800D1B7B0 /* os_variant_has_internal_diagnostics */;
			productType = "com.apple.product-type.tool";
		};
/* End PBXNativeTarget section */

/* Begin PBXProject section */
		0992BC7F25E9931400D1B7B0 /* Project object */ = {
			isa = PBXProject;
			attributes = {
				LastUpgradeCheck = 1250;
				TargetAttributes = {
					0992BC8625E9931400D1B7B0 = {
						CreatedOnToolsVersion = 12.5;
					};
					0992BCA825EA3A5800D1B7B0 = {
						CreatedOnToolsVersion = 12.5;
					};
				};
			};
			buildConfigurationList = 0992BC8225E9931400D1B7B0 /* Build configuration list for PBXProject "iosurface-theft" */;
			compatibilityVersion = "Xcode 9.3";
			developmentRegion = en;
			hasScannedForEncodings = 0;
			knownRegions = (
				en,
				Base,
			);
			mainGroup = 0992BC7E25E9931400D1B7B0;
			productRefGroup = 0992BC8825E9931400D1B7B0 /* Products */;
			projectDirPath = "";
			projectRoot = "";
			targets = (
				0992BC8625E9931400D1B7B0 /* iosurface-theft */,
				0992BCA825EA3A5800D1B7B0 /* os_variant_has_internal_diagnostics */,
			);
		};
/* End PBXProject section */

/* Begin PBXResourcesBuildPhase section */
		0992BC8525E9931400D1B7B0 /* Resources */ = {
			isa = PBXResourcesBuildPhase;
			buildActionMask = 2147483647;
			files = (
				0992BC9125E9931400D1B7B0 /* Assets.xcassets in Resources */,
				0992BC9425E9931400D1B7B0 /* Main.storyboard in Resources */,
			);
			runOnlyForDeploymentPostprocessing = 0;
		};
/* End PBXResourcesBuildPhase section */

/* Begin PBXSourcesBuildPhase section */
		0992BC8325E9931400D1B7B0 /* Sources */ = {
			isa = PBXSourcesBuildPhase;
			buildActionMask = 2147483647;
			files = (
				0992BCA025E9D5AD00D1B7B0 /* NSView+ImageRepresentation.m in Sources */,
				0992BC8F25E9931400D1B7B0 /* ViewController.m in Sources */,
				0992BC9725E9931400D1B7B0 /* main.m in Sources */,
				0992BC8C25E9931400D1B7B0 /* AppDelegate.m in Sources */,
			);
			runOnlyForDeploymentPostprocessing = 0;
		};
		0992BCA525EA3A5800D1B7B0 /* Sources */ = {
			isa = PBXSourcesBuildPhase;
			buildActionMask = 2147483647;
			files = (
				0992BCAC25EA3A5800D1B7B0 /* main.m in Sources */,
			);
			runOnlyForDeploymentPostprocessing = 0;
		};
/* End PBXSourcesBuildPhase section */

/* Begin PBXVariantGroup section */
		0992BC9225E9931400D1B7B0 /* Main.storyboard */ = {
			isa = PBXVariantGroup;
			children = (
				0992BC9325E9931400D1B7B0 /* Base */,
			);
			name = Main.storyboard;
			sourceTree = "<group>";
		};
/* End PBXVariantGroup section */

/* Begin XCBuildConfiguration section */
		0992BC9925E9931400D1B7B0 /* Debug */ = {
			isa = XCBuildConfiguration;
			buildSettings = {
				ALWAYS_SEARCH_USER_PATHS = NO;
				CLANG_ANALYZER_NONNULL = YES;
				CLANG_ANALYZER_NUMBER_OBJECT_CONVERSION = YES_AGGRESSIVE;
				CLANG_CXX_LANGUAGE_STANDARD = "gnu++14";
				CLANG_CXX_LIBRARY = "libc++";
				CLANG_ENABLE_MODULES = YES;
				CLANG_ENABLE_OBJC_ARC = YES;
				CLANG_ENABLE_OBJC_WEAK = YES;
				CLANG_WARN_BLOCK_CAPTURE_AUTORELEASING = YES;
				CLANG_WARN_BOOL_CONVERSION = YES;
				CLANG_WARN_COMMA = YES;
				CLANG_WARN_CONSTANT_CONVERSION = YES;
				CLANG_WARN_DEPRECATED_OBJC_IMPLEMENTATIONS = YES;
				CLANG_WARN_DIRECT_OBJC_ISA_USAGE = YES_ERROR;
				CLANG_WARN_DOCUMENTATION_COMMENTS = YES;
				CLANG_WARN_EMPTY_BODY = YES;
				CLANG_WARN_ENUM_CONVERSION = YES;
				CLANG_WARN_INFINITE_RECURSION = YES;
				CLANG_WARN_INT_CONVERSION = YES;
				CLANG_WARN_NON_LITERAL_NULL_CONVERSION = YES;
				CLANG_WARN_OBJC_IMPLICIT_RETAIN_SELF = YES;
				CLANG_WARN_OBJC_LITERAL_CONVERSION = YES;
				CLANG_WARN_OBJC_ROOT_CLASS = YES_ERROR;
				CLANG_WARN_QUOTED_INCLUDE_IN_FRAMEWORK_HEADER = YES;
				CLANG_WARN_RANGE_LOOP_ANALYSIS = YES;
				CLANG_WARN_STRICT_PROTOTYPES = YES;
				CLANG_WARN_SUSPICIOUS_MOVE = YES;
				CLANG_WARN_UNGUARDED_AVAILABILITY = YES_AGGRESSIVE;
				CLANG_WARN_UNREACHABLE_CODE = YES;
				CLANG_WARN__DUPLICATE_METHOD_MATCH = YES;
				COPY_PHASE_STRIP = NO;
				DEBUG_INFORMATION_FORMAT = dwarf;
				ENABLE_STRICT_OBJC_MSGSEND = YES;
				ENABLE_TESTABILITY = YES;
				GCC_C_LANGUAGE_STANDARD = gnu11;
				GCC_DYNAMIC_NO_PIC = NO;
				GCC_NO_COMMON_BLOCKS = YES;
				GCC_OPTIMIZATION_LEVEL = 0;
				GCC_PREPROCESSOR_DEFINITIONS = (
					"DEBUG=1",
					"$(inherited)",
				);
				GCC_WARN_64_TO_32_BIT_CONVERSION = YES;
				GCC_WARN_ABOUT_RETURN_TYPE = YES_ERROR;
				GCC_WARN_UNDECLARED_SELECTOR = YES;
				GCC_WARN_UNINITIALIZED_AUTOS = YES_AGGRESSIVE;
				GCC_WARN_UNUSED_FUNCTION = YES;
				GCC_WARN_UNUSED_VARIABLE = YES;
				MACOSX_DEPLOYMENT_TARGET = 11.3;
				MTL_ENABLE_DEBUG_INFO = INCLUDE_SOURCE;
				MTL_FAST_MATH = YES;
				ONLY_ACTIVE_ARCH = YES;
				SDKROOT = macosx;
			};
			name = Debug;
		};
		0992BC9A25E9931400D1B7B0 /* Release */ = {
			isa = XCBuildConfiguration;
			buildSettings = {
				ALWAYS_SEARCH_USER_PATHS = NO;
				CLANG_ANALYZER_NONNULL = YES;
				CLANG_ANALYZER_NUMBER_OBJECT_CONVERSION = YES_AGGRESSIVE;
				CLANG_CXX_LANGUAGE_STANDARD = "gnu++14";
				CLANG_CXX_LIBRARY = "libc++";
				CLANG_ENABLE_MODULES = YES;
				CLANG_ENABLE_OBJC_ARC = YES;
				CLANG_ENABLE_OBJC_WEAK = YES;
				CLANG_WARN_BLOCK_CAPTURE_AUTORELEASING = YES;
				CLANG_WARN_BOOL_CONVERSION = YES;
				CLANG_WARN_COMMA = YES;
				CLANG_WARN_CONSTANT_CONVERSION = YES;
				CLANG_WARN_DEPRECATED_OBJC_IMPLEMENTATIONS = YES;
				CLANG_WARN_DIRECT_OBJC_ISA_USAGE = YES_ERROR;
				CLANG_WARN_DOCUMENTATION_COMMENTS = YES;
				CLANG_WARN_EMPTY_BODY = YES;
				CLANG_WARN_ENUM_CONVERSION = YES;
				CLANG_WARN_INFINITE_RECURSION = YES;
				CLANG_WARN_INT_CONVERSION = YES;
				CLANG_WARN_NON_LITERAL_NULL_CONVERSION = YES;
				CLANG_WARN_OBJC_IMPLICIT_RETAIN_SELF = YES;
				CLANG_WARN_OBJC_LITERAL_CONVERSION = YES;
				CLANG_WARN_OBJC_ROOT_CLASS = YES_ERROR;
				CLANG_WARN_QUOTED_INCLUDE_IN_FRAMEWORK_HEADER = YES;
				CLANG_WARN_RANGE_LOOP_ANALYSIS = YES;
				CLANG_WARN_STRICT_PROTOTYPES = YES;
				CLANG_WARN_SUSPICIOUS_MOVE = YES;
				CLANG_WARN_UNGUARDED_AVAILABILITY = YES_AGGRESSIVE;
				CLANG_WARN_UNREACHABLE_CODE = YES;
				CLANG_WARN__DUPLICATE_METHOD_MATCH = YES;
				COPY_PHASE_STRIP = NO;
				DEBUG_INFORMATION_FORMAT = "dwarf-with-dsym";
				ENABLE_NS_ASSERTIONS = NO;
				ENABLE_STRICT_OBJC_MSGSEND = YES;
				GCC_C_LANGUAGE_STANDARD = gnu11;
				GCC_NO_COMMON_BLOCKS = YES;
				GCC_WARN_64_TO_32_BIT_CONVERSION = YES;
				GCC_WARN_ABOUT_RETURN_TYPE = YES_ERROR;
				GCC_WARN_UNDECLARED_SELECTOR = YES;
				GCC_WARN_UNINITIALIZED_AUTOS = YES_AGGRESSIVE;
				GCC_WARN_UNUSED_FUNCTION = YES;
				GCC_WARN_UNUSED_VARIABLE = YES;
				MACOSX_DEPLOYMENT_TARGET = 11.3;
				MTL_ENABLE_DEBUG_INFO = NO;
				MTL_FAST_MATH = YES;
				SDKROOT = macosx;
			};
			name = Release;
		};
		0992BC9C25E9931400D1B7B0 /* Debug */ = {
			isa = XCBuildConfiguration;
			buildSettings = {
				ASSETCATALOG_COMPILER_APPICON_NAME = AppIcon;
				ASSETCATALOG_COMPILER_GLOBAL_ACCENT_COLOR_NAME = AccentColor;
				CODE_SIGN_ENTITLEMENTS = "iosurface-theft/iosurface_theft.entitlements";
				CODE_SIGN_STYLE = Automatic;
				COMBINE_HIDPI_IMAGES = YES;
				DEVELOPMENT_TEAM = ZK96P738ZR;
				ENABLE_HARDENED_RUNTIME = NO;
				INFOPLIST_FILE = "iosurface-theft/Info.plist";
				LD_RUNPATH_SEARCH_PATHS = (
					"$(inherited)",
					"@executable_path/../Frameworks",
				);
				PRODUCT_BUNDLE_IDENTIFIER = "vin.je.iosurface-theft";
				PRODUCT_NAME = "$(TARGET_NAME)";
				SYSTEM_FRAMEWORK_SEARCH_PATHS = (
					"$(inherited)",
					"$(SYSTEM_LIBRARY_DIR)/PrivateFrameworks",
				);
			};
			name = Debug;
		};
		0992BC9D25E9931400D1B7B0 /* Release */ = {
			isa = XCBuildConfiguration;
			buildSettings = {
				ASSETCATALOG_COMPILER_APPICON_NAME = AppIcon;
				ASSETCATALOG_COMPILER_GLOBAL_ACCENT_COLOR_NAME = AccentColor;
				CODE_SIGN_ENTITLEMENTS = "iosurface-theft/iosurface_theft.entitlements";
				CODE_SIGN_STYLE = Automatic;
				COMBINE_HIDPI_IMAGES = YES;
				DEVELOPMENT_TEAM = ZK96P738ZR;
				ENABLE_HARDENED_RUNTIME = NO;
				INFOPLIST_FILE = "iosurface-theft/Info.plist";
				LD_RUNPATH_SEARCH_PATHS = (
					"$(inherited)",
					"@executable_path/../Frameworks",
				);
				PRODUCT_BUNDLE_IDENTIFIER = "vin.je.iosurface-theft";
				PRODUCT_NAME = "$(TARGET_NAME)";
				SYSTEM_FRAMEWORK_SEARCH_PATHS = (
					"$(inherited)",
					"$(SYSTEM_LIBRARY_DIR)/PrivateFrameworks",
				);
			};
			name = Release;
		};
		0992BCAE25EA3A5800D1B7B0 /* Debug */ = {
			isa = XCBuildConfiguration;
			buildSettings = {
				CODE_SIGN_ENTITLEMENTS = os_variant_has_internal_diagnostics/os_variant_has_internal_diagnostics.entitlements;
				CODE_SIGN_STYLE = Automatic;
				DEVELOPMENT_TEAM = ZK96P738ZR;
				ENABLE_HARDENED_RUNTIME = NO;
				PRODUCT_NAME = "$(TARGET_NAME)";
			};
			name = Debug;
		};
		0992BCAF25EA3A5800D1B7B0 /* Release */ = {
			isa = XCBuildConfiguration;
			buildSettings = {
				CODE_SIGN_ENTITLEMENTS = os_variant_has_internal_diagnostics/os_variant_has_internal_diagnostics.entitlements;
				CODE_SIGN_STYLE = Automatic;
				DEVELOPMENT_TEAM = ZK96P738ZR;
				ENABLE_HARDENED_RUNTIME = NO;
				PRODUCT_NAME = "$(TARGET_NAME)";
			};
			name = Release;
		};
/* End XCBuildConfiguration section */

/* Begin XCConfigurationList section */
		0992BC8225E9931400D1B7B0 /* Build configuration list for PBXProject "iosurface-theft" */ = {
			isa = XCConfigurationList;
			buildConfigurations = (
				0992BC9925E9931400D1B7B0 /* Debug */,
				0992BC9A25E9931400D1B7B0 /* Release */,
			);
			defaultConfigurationIsVisible = 0;
			defaultConfigurationName = Release;
		};
		0992BC9B25E9931400D1B7B0 /* Build configuration list for PBXNativeTarget "iosurface-theft" */ = {
			isa = XCConfigurationList;
			buildConfigurations = (
				0992BC9C25E9931400D1B7B0 /* Debug */,
				0992BC9D25E9931400D1B7B0 /* Release */,
			);
			defaultConfigurationIsVisible = 0;
			defaultConfigurationName = Release;
		};
		0992BCAD25EA3A5800D1B7B0 /* Build configuration list for PBXNativeTarget "os_variant_has_internal_diagnostics" */ = {
			isa = XCConfigurationList;
			buildConfigurations = (
				0992BCAE25EA3A5800D1B7B0 /* Debug */,
				0992BCAF25EA3A5800D1B7B0 /* Release */,
			);
			defaultConfigurationIsVisible = 0;
			defaultConfigurationName = Release;
		};
/* End XCConfigurationList section */
	};
	rootObject = 0992BC7F25E9931400D1B7B0 /* Project object */;
}
